
Microsoft Visual Studio Solution File, Format Version 12.00
# Visual Studio 15
Project("{FAE04EC0-301F-11D3-BF4B-00C04F79EFBC}") = "UnityEngine.UI", "UnityEngine.UI.csproj", "{24C0F7E7-91B0-17B0-A863-C0178DBB8D68}"
EndProject
Project("{FAE04EC0-301F-11D3-BF4B-00C04F79EFBC}") = "Assembly-CSharp", "Assembly-CSharp.csproj", "{75E41DF9-DC16-507D-F2C8-10619855B885}"
EndProject
Project("{FAE04EC0-301F-11D3-BF4B-00C04F79EFBC}") = "UnityEditor.UI", "UnityEditor.UI.csproj", "{2FC83D38-CFEB-39FB-003B-E0F85CC24181}"
EndProject
Project("{FAE04EC0-301F-11D3-BF4B-00C04F79EFBC}") = "UnityEngine.UI", "UnityEngine.UI.Player.csproj", "{129C3173-B9CF-FB2F-1246-9EFD9B58A562}"
EndProject
Project("{FAE04EC0-301F-11D3-BF4B-00C04F79EFBC}") = "Assembly-CSharp", "Assembly-CSharp.Player.csproj", "{70B28C62-1E97-2013-38AD-7810DEB5154D}"
EndProject
Global
	GlobalSection(SolutionConfigurationPlatforms) = preSolution
		Debug|Any CPU = Debug|Any CPU
		Release|Any CPU = Release|Any CPU
	EndGlobalSection
	GlobalSection(ProjectConfigurationPlatforms) = postSolution
		{24C0F7E7-91B0-17B0-A863-C0178DBB8D68}.Debug|Any CPU.ActiveCfg = Debug|Any CPU
		{24C0F7E7-91B0-17B0-A863-C0178DBB8D68}.Debug|Any CPU.Build.0 = Debug|Any CPU
		{24C0F7E7-91B0-17B0-A863-C0178DBB8D68}.Release|Any CPU.ActiveCfg = Release|Any CPU
		{24C0F7E7-91B0-17B0-A863-C0178DBB8D68}.Release|Any CPU.Build.0 = Release|Any CPU
		{75E41DF9-DC16-507D-F2C8-10619855B885}.Debug|Any CPU.ActiveCfg = Debug|Any CPU
		{75E41DF9-DC16-507D-F2C8-10619855B885}.Debug|Any CPU.Build.0 = Debug|Any CPU
		{75E41DF9-DC16-507D-F2C8-10619855B885}.Release|Any CPU.ActiveCfg = Release|Any CPU
		{75E41DF9-DC16-507D-F2C8-10619855B885}.Release|Any CPU.Build.0 = Release|Any CPU
		{2FC83D38-CFEB-39FB-003B-E0F85CC24181}.Debug|Any CPU.ActiveCfg = Debug|Any CPU
		{2FC83D38-CFEB-39FB-003B-E0F85CC24181}.Debug|Any CPU.Build.0 = Debug|Any CPU
		{2FC83D38-CFEB-39FB-003B-E0F85CC24181}.Release|Any CPU.ActiveCfg = Release|Any CPU
		{2FC83D38-CFEB-39FB-003B-E0F85CC24181}.Release|Any CPU.Build.0 = Release|Any CPU
		{129C3173-B9CF-FB2F-1246-9EFD9B58A562}.Debug|Any CPU.ActiveCfg = Debug|Any CPU
		{129C3173-B9CF-FB2F-1246-9EFD9B58A562}.Debug|Any CPU.Build.0 = Debug|Any CPU
		{129C3173-B9CF-FB2F-1246-9EFD9B58A562}.Release|Any CPU.ActiveCfg = Release|Any CPU
		{129C3173-B9CF-FB2F-1246-9EFD9B58A562}.Release|Any CPU.Build.0 = Release|Any CPU
		{70B28C62-1E97-2013-38AD-7810DEB5154D}.Debug|Any CPU.ActiveCfg = Debug|Any CPU
		{70B28C62-1E97-2013-38AD-7810DEB5154D}.Debug|Any CPU.Build.0 = Debug|Any CPU
		{70B28C62-1E97-2013-38AD-7810DEB5154D}.Release|Any CPU.ActiveCfg = Release|Any CPU
		{70B28C62-1E97-2013-38AD-7810DEB5154D}.Release|Any CPU.Build.0 = Release|Any CPU
	EndGlobalSection
	GlobalSection(SolutionProperties) = preSolution
		HideSolutionNode = FALSE
	EndGlobalSection
EndGlobal
